
Microsoft Visual Studio Solution File, Format Version 12.00
# Visual Studio 2013
VisualStudioVersion = 12.0.21005.1
MinimumVisualStudioVersion = 10.0.40219.1
Project("{FAE04EC0-301F-11D3-BF4B-00C04F79EFBC}") = "Compiler", "Compiler\Compiler.csproj", "{311E9800-163C-43B2-A3E2-7AED35BFBDF5}"
EndProject
Project("{FAE04EC0-301F-11D3-BF4B-00C04F79EFBC}") = "DP_Tokenizer", "..\DP_Tokenizer\DP_tokenizer\DP_Tokenizer.csproj", "{8C431716-88FE-4831-84B5-462B05BC7260}"
EndProject
Global
	GlobalSection(SolutionConfigurationPlatforms) = preSolution
		Debug|Any CPU = Debug|Any CPU
		Release|Any CPU = Release|Any CPU
	EndGlobalSection
	GlobalSection(ProjectConfigurationPlatforms) = postSolution
		{311E9800-163C-43B2-A3E2-7AED35BFBDF5}.Debug|Any CPU.ActiveCfg = Debug|Any CPU
		{311E9800-163C-43B2-A3E2-7AED35BFBDF5}.Debug|Any CPU.Build.0 = Debug|Any CPU
		{311E9800-163C-43B2-A3E2-7AED35BFBDF5}.Release|Any CPU.ActiveCfg = Release|Any CPU
		{311E9800-163C-43B2-A3E2-7AED35BFBDF5}.Release|Any CPU.Build.0 = Release|Any CPU
		{8C431716-88FE-4831-84B5-462B05BC7260}.Debug|Any CPU.ActiveCfg = Debug|Any CPU
		{8C431716-88FE-4831-84B5-462B05BC7260}.Debug|Any CPU.Build.0 = Debug|Any CPU
		{8C431716-88FE-4831-84B5-462B05BC7260}.Release|Any CPU.ActiveCfg = Release|Any CPU
		{8C431716-88FE-4831-84B5-462B05BC7260}.Release|Any CPU.Build.0 = Release|Any CPU
	EndGlobalSection
	GlobalSection(SolutionProperties) = preSolution
		HideSolutionNode = FALSE
	EndGlobalSection
EndGlobal
